
Microsoft Visual Studio Solution File, Format Version 12.00
# Visual Studio Version 16
VisualStudioVersion = 16.0.30128.74
MinimumVisualStudioVersion = 10.0.40219.1
Project("{FAE04EC0-301F-11D3-BF4B-00C04F79EFBC}") = "Physics-Simulator", "Physics-Simulator\Physics-Simulator.csproj", "{0FE7D5D0-A749-4784-A2B8-EFBA25BF8928}"
EndProject
Global
	GlobalSection(SolutionConfigurationPlatforms) = preSolution
		Debug|Any CPU = Debug|Any CPU
		Release|Any CPU = Release|Any CPU
	EndGlobalSection
	GlobalSection(ProjectConfigurationPlatforms) = postSolution
		{0FE7D5D0-A749-4784-A2B8-EFBA25BF8928}.Debug|Any CPU.ActiveCfg = Debug|Any CPU
		{0FE7D5D0-A749-4784-A2B8-EFBA25BF8928}.Debug|Any CPU.Build.0 = Debug|Any CPU
		{0FE7D5D0-A749-4784-A2B8-EFBA25BF8928}.Release|Any CPU.ActiveCfg = Release|Any CPU
		{0FE7D5D0-A749-4784-A2B8-EFBA25BF8928}.Release|Any CPU.Build.0 = Release|Any CPU
	EndGlobalSection
	GlobalSection(SolutionProperties) = preSolution
		HideSolutionNode = FALSE
	EndGlobalSection
	GlobalSection(ExtensibilityGlobals) = postSolution
		SolutionGuid = {7CB6DD1B-6954-4511-9777-C8AA890613F7}
	EndGlobalSection
EndGlobal
